// !$*UTF8*$!
{
	archiveVersion = 1;
	classes = {
	};
	objectVersion = 60;
	objects = {

/* Begin PBXBuildFile section */
		6F4BD90C2A7C7DBB005D30F0 /* NakamaApp.swift in Sources */ = {isa = PBXBuildFile; fileRef = 6F4BD90B2A7C7DBB005D30F0 /* NakamaApp.swift */; };
		6F4BD90E2A7C7DBB005D30F0 /* Nakama2DMenu.swift in Sources */ = {isa = PBXBuildFile; fileRef = 6F4BD90D2A7C7DBB005D30F0 /* Nakama2DMenu.swift */; };
		6F4BD9102A7C7DBB005D30F0 /* ImmersiveView.swift in Sources */ = {isa = PBXBuildFile; fileRef = 6F4BD90F2A7C7DBB005D30F0 /* ImmersiveView.swift */; };
		6F4BD9122A7C7DBF005D30F0 /* Assets.xcassets in Resources */ = {isa = PBXBuildFile; fileRef = 6F4BD9112A7C7DBF005D30F0 /* Assets.xcassets */; };
		6F4BD9152A7C7DBF005D30F0 /* Preview Assets.xcassets in Resources */ = {isa = PBXBuildFile; fileRef = 6F4BD9142A7C7DBF005D30F0 /* Preview Assets.xcassets */; };
		6F4BD91D2A7F5F76005D30F0 /* NakamaManager.swift in Sources */ = {isa = PBXBuildFile; fileRef = 6F4BD91B2A7F5F75005D30F0 /* NakamaManager.swift */; };
		6F4BD91E2A7F5F76005D30F0 /* Nakama.swift in Sources */ = {isa = PBXBuildFile; fileRef = 6F4BD91C2A7F5F76005D30F0 /* Nakama.swift */; };
		6F7B3BE42A8095D300A2BCBC /* Utility.swift in Sources */ = {isa = PBXBuildFile; fileRef = 6F7B3BE32A8095D300A2BCBC /* Utility.swift */; };
		6F7B3BE82A835CCB00A2BCBC /* Inventory.swift in Sources */ = {isa = PBXBuildFile; fileRef = 6F7B3BE72A835CCB00A2BCBC /* Inventory.swift */; };
		6F7B3BEA2A85F03500A2BCBC /* InventoryManager.swift in Sources */ = {isa = PBXBuildFile; fileRef = 6F7B3BE92A85F03500A2BCBC /* InventoryManager.swift */; };
		6F7B3BEC2A85F05800A2BCBC /* InventoryView.swift in Sources */ = {isa = PBXBuildFile; fileRef = 6F7B3BEB2A85F05800A2BCBC /* InventoryView.swift */; };
		6F7B3BEE2A8600AA00A2BCBC /* Nakama3DBasicView.swift in Sources */ = {isa = PBXBuildFile; fileRef = 6F7B3BED2A8600AA00A2BCBC /* Nakama3DBasicView.swift */; };
		6FB1D9012A9C1D0E009FDB83 /* NakamaAssets in Resources */ = {isa = PBXBuildFile; fileRef = 6FB1D9002A9C1D0E009FDB83 /* NakamaAssets */; };
		6FB1D9042A9C1D9E009FDB83 /* NakamaAssets in Frameworks */ = {isa = PBXBuildFile; productRef = 6FB1D9032A9C1D9E009FDB83 /* NakamaAssets */; };
/* End PBXBuildFile section */

/* Begin PBXFileReference section */
		6F4BD9042A7C7DBB005D30F0 /* Nakama.app */ = {isa = PBXFileReference; explicitFileType = wrapper.application; includeInIndex = 0; path = Nakama.app; sourceTree = BUILT_PRODUCTS_DIR; };
		6F4BD90B2A7C7DBB005D30F0 /* NakamaApp.swift */ = {isa = PBXFileReference; lastKnownFileType = sourcecode.swift; path = NakamaApp.swift; sourceTree = "<group>"; };
		6F4BD90D2A7C7DBB005D30F0 /* Nakama2DMenu.swift */ = {isa = PBXFileReference; lastKnownFileType = sourcecode.swift; path = Nakama2DMenu.swift; sourceTree = "<group>"; };
		6F4BD90F2A7C7DBB005D30F0 /* ImmersiveView.swift */ = {isa = PBXFileReference; lastKnownFileType = sourcecode.swift; path = ImmersiveView.swift; sourceTree = "<group>"; };
		6F4BD9112A7C7DBF005D30F0 /* Assets.xcassets */ = {isa = PBXFileReference; lastKnownFileType = folder.assetcatalog; path = Assets.xcassets; sourceTree = "<group>"; };
		6F4BD9142A7C7DBF005D30F0 /* Preview Assets.xcassets */ = {isa = PBXFileReference; lastKnownFileType = folder.assetcatalog; path = "Preview Assets.xcassets"; sourceTree = "<group>"; };
		6F4BD91B2A7F5F75005D30F0 /* NakamaManager.swift */ = {isa = PBXFileReference; fileEncoding = 4; lastKnownFileType = sourcecode.swift; path = NakamaManager.swift; sourceTree = "<group>"; };
		6F4BD91C2A7F5F76005D30F0 /* Nakama.swift */ = {isa = PBXFileReference; fileEncoding = 4; lastKnownFileType = sourcecode.swift; path = Nakama.swift; sourceTree = "<group>"; };
		6F7B3BE32A8095D300A2BCBC /* Utility.swift */ = {isa = PBXFileReference; lastKnownFileType = sourcecode.swift; path = Utility.swift; sourceTree = "<group>"; };
		6F7B3BE72A835CCB00A2BCBC /* Inventory.swift */ = {isa = PBXFileReference; lastKnownFileType = sourcecode.swift; path = Inventory.swift; sourceTree = "<group>"; };
		6F7B3BE92A85F03500A2BCBC /* InventoryManager.swift */ = {isa = PBXFileReference; lastKnownFileType = sourcecode.swift; path = InventoryManager.swift; sourceTree = "<group>"; };
		6F7B3BEB2A85F05800A2BCBC /* InventoryView.swift */ = {isa = PBXFileReference; lastKnownFileType = sourcecode.swift; path = InventoryView.swift; sourceTree = "<group>"; };
		6F7B3BED2A8600AA00A2BCBC /* Nakama3DBasicView.swift */ = {isa = PBXFileReference; lastKnownFileType = sourcecode.swift; path = Nakama3DBasicView.swift; sourceTree = "<group>"; };
		6FB1D9002A9C1D0E009FDB83 /* NakamaAssets */ = {isa = PBXFileReference; lastKnownFileType = wrapper; path = NakamaAssets; sourceTree = "<group>"; };
/* End PBXFileReference section */

/* Begin PBXFrameworksBuildPhase section */
		6F4BD9012A7C7DBB005D30F0 /* Frameworks */ = {
			isa = PBXFrameworksBuildPhase;
			buildActionMask = 2147483647;
			files = (
				6FB1D9042A9C1D9E009FDB83 /* NakamaAssets in Frameworks */,
			);
			runOnlyForDeploymentPostprocessing = 0;
		};
/* End PBXFrameworksBuildPhase section */

/* Begin PBXGroup section */
		6F4BD8FB2A7C7DBB005D30F0 = {
			isa = PBXGroup;
			children = (
				6F4BD9062A7C7DBB005D30F0 /* Nakama */,
				6F4BD9072A7C7DBB005D30F0 /* Packages */,
				6F4BD9052A7C7DBB005D30F0 /* Products */,
			);
			sourceTree = "<group>";
		};
		6F4BD9052A7C7DBB005D30F0 /* Products */ = {
			isa = PBXGroup;
			children = (
				6F4BD9042A7C7DBB005D30F0 /* Nakama.app */,
			);
			name = Products;
			sourceTree = "<group>";
		};
		6F4BD9062A7C7DBB005D30F0 /* Nakama */ = {
			isa = PBXGroup;
			children = (
				6F4BD91C2A7F5F76005D30F0 /* Nakama.swift */,
				6F4BD91B2A7F5F75005D30F0 /* NakamaManager.swift */,
				6F4BD90B2A7C7DBB005D30F0 /* NakamaApp.swift */,
				6F4BD90D2A7C7DBB005D30F0 /* Nakama2DMenu.swift */,
				6F7B3BED2A8600AA00A2BCBC /* Nakama3DBasicView.swift */,
				6F7B3BE72A835CCB00A2BCBC /* Inventory.swift */,
				6F7B3BEB2A85F05800A2BCBC /* InventoryView.swift */,
				6F7B3BE92A85F03500A2BCBC /* InventoryManager.swift */,
				6F4BD90F2A7C7DBB005D30F0 /* ImmersiveView.swift */,
				6F7B3BE32A8095D300A2BCBC /* Utility.swift */,
				6F4BD9112A7C7DBF005D30F0 /* Assets.xcassets */,
				6F4BD9132A7C7DBF005D30F0 /* Preview Content */,
			);
			path = Nakama;
			sourceTree = "<group>";
		};
		6F4BD9072A7C7DBB005D30F0 /* Packages */ = {
			isa = PBXGroup;
			children = (
				6FB1D9002A9C1D0E009FDB83 /* NakamaAssets */,
			);
			path = Packages;
			sourceTree = "<group>";
		};
		6F4BD9132A7C7DBF005D30F0 /* Preview Content */ = {
			isa = PBXGroup;
			children = (
				6F4BD9142A7C7DBF005D30F0 /* Preview Assets.xcassets */,
			);
			path = "Preview Content";
			sourceTree = "<group>";
		};
/* End PBXGroup section */

/* Begin PBXNativeTarget section */
		6F4BD9032A7C7DBB005D30F0 /* Nakama */ = {
			isa = PBXNativeTarget;
			buildConfigurationList = 6F4BD9182A7C7DBF005D30F0 /* Build configuration list for PBXNativeTarget "Nakama" */;
			buildPhases = (
				6F4BD9002A7C7DBB005D30F0 /* Sources */,
				6F4BD9012A7C7DBB005D30F0 /* Frameworks */,
				6F4BD9022A7C7DBB005D30F0 /* Resources */,
			);
			buildRules = (
			);
			dependencies = (
			);
			name = Nakama;
			packageProductDependencies = (
				6FB1D9032A9C1D9E009FDB83 /* NakamaAssets */,
			);
			productName = Nakama;
			productReference = 6F4BD9042A7C7DBB005D30F0 /* Nakama.app */;
			productType = "com.apple.product-type.application";
		};
/* End PBXNativeTarget section */

/* Begin PBXProject section */
		6F4BD8FC2A7C7DBB005D30F0 /* Project object */ = {
			isa = PBXProject;
			attributes = {
				BuildIndependentTargetsInParallel = 1;
				LastSwiftUpdateCheck = 1500;
				LastUpgradeCheck = 1500;
				TargetAttributes = {
					6F4BD9032A7C7DBB005D30F0 = {
						CreatedOnToolsVersion = 15.0;
					};
				};
			};
			buildConfigurationList = 6F4BD8FF2A7C7DBB005D30F0 /* Build configuration list for PBXProject "Nakama" */;
			compatibilityVersion = "Xcode 14.0";
			developmentRegion = en;
			hasScannedForEncodings = 0;
			knownRegions = (
				en,
				Base,
			);
			mainGroup = 6F4BD8FB2A7C7DBB005D30F0;
			packageReferences = (
				6FB1D9022A9C1D9E009FDB83 /* XCLocalSwiftPackageReference "Packages/NakamaAssets" */,
			);
			productRefGroup = 6F4BD9052A7C7DBB005D30F0 /* Products */;
			projectDirPath = "";
			projectRoot = "";
			targets = (
				6F4BD9032A7C7DBB005D30F0 /* Nakama */,
			);
		};
/* End PBXProject section */

/* Begin PBXResourcesBuildPhase section */
		6F4BD9022A7C7DBB005D30F0 /* Resources */ = {
			isa = PBXResourcesBuildPhase;
			buildActionMask = 2147483647;
			files = (
				6FB1D9012A9C1D0E009FDB83 /* NakamaAssets in Resources */,
				6F4BD9152A7C7DBF005D30F0 /* Preview Assets.xcassets in Resources */,
				6F4BD9122A7C7DBF005D30F0 /* Assets.xcassets in Resources */,
			);
			runOnlyForDeploymentPostprocessing = 0;
		};
/* End PBXResourcesBuildPhase section */

/* Begin PBXSourcesBuildPhase section */
		6F4BD9002A7C7DBB005D30F0 /* Sources */ = {
			isa = PBXSourcesBuildPhase;
			buildActionMask = 2147483647;
			files = (
				6F4BD90E2A7C7DBB005D30F0 /* Nakama2DMenu.swift in Sources */,
				6F4BD90C2A7C7DBB005D30F0 /* NakamaApp.swift in Sources */,
				6F7B3BEA2A85F03500A2BCBC /* InventoryManager.swift in Sources */,
				6F7B3BEC2A85F05800A2BCBC /* InventoryView.swift in Sources */,
				6F7B3BE82A835CCB00A2BCBC /* Inventory.swift in Sources */,
				6F7B3BEE2A8600AA00A2BCBC /* Nakama3DBasicView.swift in Sources */,
				6F7B3BE42A8095D300A2BCBC /* Utility.swift in Sources */,
				6F4BD91E2A7F5F76005D30F0 /* Nakama.swift in Sources */,
				6F4BD91D2A7F5F76005D30F0 /* NakamaManager.swift in Sources */,
				6F4BD9102A7C7DBB005D30F0 /* ImmersiveView.swift in Sources */,
			);
			runOnlyForDeploymentPostprocessing = 0;
		};
/* End PBXSourcesBuildPhase section */

/* Begin XCBuildConfiguration section */
		6F4BD9162A7C7DBF005D30F0 /* Debug */ = {
			isa = XCBuildConfiguration;
			buildSettings = {
				ALWAYS_SEARCH_USER_PATHS = NO;
				ASSETCATALOG_COMPILER_GENERATE_SWIFT_ASSET_SYMBOL_EXTENSIONS = YES;
				CLANG_ANALYZER_NONNULL = YES;
				CLANG_ANALYZER_NUMBER_OBJECT_CONVERSION = YES_AGGRESSIVE;
				CLANG_CXX_LANGUAGE_STANDARD = "gnu++20";
				CLANG_ENABLE_MODULES = YES;
				CLANG_ENABLE_OBJC_ARC = YES;
				CLANG_ENABLE_OBJC_WEAK = YES;
				CLANG_WARN_BLOCK_CAPTURE_AUTORELEASING = YES;
				CLANG_WARN_BOOL_CONVERSION = YES;
				CLANG_WARN_COMMA = YES;
				CLANG_WARN_CONSTANT_CONVERSION = YES;
				CLANG_WARN_DEPRECATED_OBJC_IMPLEMENTATIONS = YES;
				CLANG_WARN_DIRECT_OBJC_ISA_USAGE = YES_ERROR;
				CLANG_WARN_DOCUMENTATION_COMMENTS = YES;
				CLANG_WARN_EMPTY_BODY = YES;
				CLANG_WARN_ENUM_CONVERSION = YES;
				CLANG_WARN_INFINITE_RECURSION = YES;
				CLANG_WARN_INT_CONVERSION = YES;
				CLANG_WARN_NON_LITERAL_NULL_CONVERSION = YES;
				CLANG_WARN_OBJC_IMPLICIT_RETAIN_SELF = YES;
				CLANG_WARN_OBJC_LITERAL_CONVERSION = YES;
				CLANG_WARN_OBJC_ROOT_CLASS = YES_ERROR;
				CLANG_WARN_QUOTED_INCLUDE_IN_FRAMEWORK_HEADER = YES;
				CLANG_WARN_RANGE_LOOP_ANALYSIS = YES;
				CLANG_WARN_STRICT_PROTOTYPES = YES;
				CLANG_WARN_SUSPICIOUS_MOVE = YES;
				CLANG_WARN_UNGUARDED_AVAILABILITY = YES_AGGRESSIVE;
				CLANG_WARN_UNREACHABLE_CODE = YES;
				CLANG_WARN__DUPLICATE_METHOD_MATCH = YES;
				COPY_PHASE_STRIP = NO;
				DEBUG_INFORMATION_FORMAT = dwarf;
				ENABLE_STRICT_OBJC_MSGSEND = YES;
				ENABLE_TESTABILITY = YES;
				ENABLE_USER_SCRIPT_SANDBOXING = YES;
				GCC_C_LANGUAGE_STANDARD = gnu17;
				GCC_DYNAMIC_NO_PIC = NO;
				GCC_NO_COMMON_BLOCKS = YES;
				GCC_OPTIMIZATION_LEVEL = 0;
				GCC_PREPROCESSOR_DEFINITIONS = (
					"DEBUG=1",
					"$(inherited)",
				);
				GCC_WARN_64_TO_32_BIT_CONVERSION = YES;
				GCC_WARN_ABOUT_RETURN_TYPE = YES_ERROR;
				GCC_WARN_UNDECLARED_SELECTOR = YES;
				GCC_WARN_UNINITIALIZED_AUTOS = YES_AGGRESSIVE;
				GCC_WARN_UNUSED_FUNCTION = YES;
				GCC_WARN_UNUSED_VARIABLE = YES;
				LOCALIZATION_PREFERS_STRING_CATALOGS = YES;
				MTL_ENABLE_DEBUG_INFO = INCLUDE_SOURCE;
				MTL_FAST_MATH = YES;
				ONLY_ACTIVE_ARCH = YES;
				SDKROOT = xros;
				SWIFT_ACTIVE_COMPILATION_CONDITIONS = "DEBUG $(inherited)";
				SWIFT_OPTIMIZATION_LEVEL = "-Onone";
				XROS_DEPLOYMENT_TARGET = 1.0;
			};
			name = Debug;
		};
		6F4BD9172A7C7DBF005D30F0 /* Release */ = {
			isa = XCBuildConfiguration;
			buildSettings = {
				ALWAYS_SEARCH_USER_PATHS = NO;
				ASSETCATALOG_COMPILER_GENERATE_SWIFT_ASSET_SYMBOL_EXTENSIONS = YES;
				CLANG_ANALYZER_NONNULL = YES;
				CLANG_ANALYZER_NUMBER_OBJECT_CONVERSION = YES_AGGRESSIVE;
				CLANG_CXX_LANGUAGE_STANDARD = "gnu++20";
				CLANG_ENABLE_MODULES = YES;
				CLANG_ENABLE_OBJC_ARC = YES;
				CLANG_ENABLE_OBJC_WEAK = YES;
				CLANG_WARN_BLOCK_CAPTURE_AUTORELEASING = YES;
				CLANG_WARN_BOOL_CONVERSION = YES;
				CLANG_WARN_COMMA = YES;
				CLANG_WARN_CONSTANT_CONVERSION = YES;
				CLANG_WARN_DEPRECATED_OBJC_IMPLEMENTATIONS = YES;
				CLANG_WARN_DIRECT_OBJC_ISA_USAGE = YES_ERROR;
				CLANG_WARN_DOCUMENTATION_COMMENTS = YES;
				CLANG_WARN_EMPTY_BODY = YES;
				CLANG_WARN_ENUM_CONVERSION = YES;
				CLANG_WARN_INFINITE_RECURSION = YES;
				CLANG_WARN_INT_CONVERSION = YES;
				CLANG_WARN_NON_LITERAL_NULL_CONVERSION = YES;
				CLANG_WARN_OBJC_IMPLICIT_RETAIN_SELF = YES;
				CLANG_WARN_OBJC_LITERAL_CONVERSION = YES;
				CLANG_WARN_OBJC_ROOT_CLASS = YES_ERROR;
				CLANG_WARN_QUOTED_INCLUDE_IN_FRAMEWORK_HEADER = YES;
				CLANG_WARN_RANGE_LOOP_ANALYSIS = YES;
				CLANG_WARN_STRICT_PROTOTYPES = YES;
				CLANG_WARN_SUSPICIOUS_MOVE = YES;
				CLANG_WARN_UNGUARDED_AVAILABILITY = YES_AGGRESSIVE;
				CLANG_WARN_UNREACHABLE_CODE = YES;
				CLANG_WARN__DUPLICATE_METHOD_MATCH = YES;
				COPY_PHASE_STRIP = NO;
				DEBUG_INFORMATION_FORMAT = "dwarf-with-dsym";
				ENABLE_NS_ASSERTIONS = NO;
				ENABLE_STRICT_OBJC_MSGSEND = YES;
				ENABLE_USER_SCRIPT_SANDBOXING = YES;
				GCC_C_LANGUAGE_STANDARD = gnu17;
				GCC_NO_COMMON_BLOCKS = YES;
				GCC_WARN_64_TO_32_BIT_CONVERSION = YES;
				GCC_WARN_ABOUT_RETURN_TYPE = YES_ERROR;
				GCC_WARN_UNDECLARED_SELECTOR = YES;
				GCC_WARN_UNINITIALIZED_AUTOS = YES_AGGRESSIVE;
				GCC_WARN_UNUSED_FUNCTION = YES;
				GCC_WARN_UNUSED_VARIABLE = YES;
				LOCALIZATION_PREFERS_STRING_CATALOGS = YES;
				MTL_ENABLE_DEBUG_INFO = NO;
				MTL_FAST_MATH = YES;
				SDKROOT = xros;
				SWIFT_COMPILATION_MODE = wholemodule;
				VALIDATE_PRODUCT = YES;
				XROS_DEPLOYMENT_TARGET = 1.0;
			};
			name = Release;
		};
		6F4BD9192A7C7DBF005D30F0 /* Debug */ = {
			isa = XCBuildConfiguration;
			buildSettings = {
				ASSETCATALOG_COMPILER_APPICON_NAME = AppIcon;
				ASSETCATALOG_COMPILER_GLOBAL_ACCENT_COLOR_NAME = AccentColor;
				CODE_SIGN_STYLE = Automatic;
				CURRENT_PROJECT_VERSION = 1;
				DEVELOPMENT_ASSET_PATHS = "\"Nakama/Preview Content\"";
				DEVELOPMENT_TEAM = 378TZ4LRB7;
				ENABLE_PREVIEWS = YES;
				GENERATE_INFOPLIST_FILE = YES;
				INFOPLIST_KEY_UIApplicationSceneManifest_Generation = YES;
				LD_RUNPATH_SEARCH_PATHS = (
					"$(inherited)",
					"@executable_path/Frameworks",
				);
				MARKETING_VERSION = 1.0;
				PRODUCT_BUNDLE_IDENTIFIER = nipunaw.Nakama;
				PRODUCT_NAME = "$(TARGET_NAME)";
				SUPPORTED_PLATFORMS = "xros xrsimulator";
				SWIFT_EMIT_LOC_STRINGS = YES;
				SWIFT_VERSION = 5.0;
				TARGETED_DEVICE_FAMILY = "1,2,7";
			};
			name = Debug;
		};
		6F4BD91A2A7C7DBF005D30F0 /* Release */ = {
			isa = XCBuildConfiguration;
			buildSettings = {
				ASSETCATALOG_COMPILER_APPICON_NAME = AppIcon;
				ASSETCATALOG_COMPILER_GLOBAL_ACCENT_COLOR_NAME = AccentColor;
				CODE_SIGN_STYLE = Automatic;
				CURRENT_PROJECT_VERSION = 1;
				DEVELOPMENT_ASSET_PATHS = "\"Nakama/Preview Content\"";
				DEVELOPMENT_TEAM = 378TZ4LRB7;
				ENABLE_PREVIEWS = YES;
				GENERATE_INFOPLIST_FILE = YES;
				INFOPLIST_KEY_UIApplicationSceneManifest_Generation = YES;
				LD_RUNPATH_SEARCH_PATHS = (
					"$(inherited)",
					"@executable_path/Frameworks",
				);
				MARKETING_VERSION = 1.0;
				PRODUCT_BUNDLE_IDENTIFIER = nipunaw.Nakama;
				PRODUCT_NAME = "$(TARGET_NAME)";
				SUPPORTED_PLATFORMS = "xros xrsimulator";
				SWIFT_EMIT_LOC_STRINGS = YES;
				SWIFT_VERSION = 5.0;
				TARGETED_DEVICE_FAMILY = "1,2,7";
			};
			name = Release;
		};
/* End XCBuildConfiguration section */

/* Begin XCConfigurationList section */
		6F4BD8FF2A7C7DBB005D30F0 /* Build configuration list for PBXProject "Nakama" */ = {
			isa = XCConfigurationList;
			buildConfigurations = (
				6F4BD9162A7C7DBF005D30F0 /* Debug */,
				6F4BD9172A7C7DBF005D30F0 /* Release */,
			);
			defaultConfigurationIsVisible = 0;
			defaultConfigurationName = Release;
		};
		6F4BD9182A7C7DBF005D30F0 /* Build configuration list for PBXNativeTarget "Nakama" */ = {
			isa = XCConfigurationList;
			buildConfigurations = (
				6F4BD9192A7C7DBF005D30F0 /* Debug */,
				6F4BD91A2A7C7DBF005D30F0 /* Release */,
			);
			defaultConfigurationIsVisible = 0;
			defaultConfigurationName = Release;
		};
/* End XCConfigurationList section */

/* Begin XCLocalSwiftPackageReference section */
		6FB1D9022A9C1D9E009FDB83 /* XCLocalSwiftPackageReference "Packages/NakamaAssets" */ = {
			isa = XCLocalSwiftPackageReference;
			relativePath = Packages/NakamaAssets;
		};
/* End XCLocalSwiftPackageReference section */

/* Begin XCSwiftPackageProductDependency section */
		6FB1D9032A9C1D9E009FDB83 /* NakamaAssets */ = {
			isa = XCSwiftPackageProductDependency;
			productName = NakamaAssets;
		};
/* End XCSwiftPackageProductDependency section */
	};
	rootObject = 6F4BD8FC2A7C7DBB005D30F0 /* Project object */;
}
